
Microsoft Visual Studio Solution File, Format Version 12.00
# Visual Studio Version 17
VisualStudioVersion = 17.8.34511.84
MinimumVisualStudioVersion = 10.0.40219.1
Project("{FAE04EC0-301F-11D3-BF4B-00C04F79EFBC}") = "ProductWebApi", "ProductWebApi.csproj", "{03B4BB71-62D2-456C-A1AA-343C0F5A58E9}"
EndProject
Global
	GlobalSection(SolutionConfigurationPlatforms) = preSolution
		Debug|Any CPU = Debug|Any CPU
		Release|Any CPU = Release|Any CPU
	EndGlobalSection
	GlobalSection(ProjectConfigurationPlatforms) = postSolution
		{03B4BB71-62D2-456C-A1AA-343C0F5A58E9}.Debug|Any CPU.ActiveCfg = Debug|Any CPU
		{03B4BB71-62D2-456C-A1AA-343C0F5A58E9}.Debug|Any CPU.Build.0 = Debug|Any CPU
		{03B4BB71-62D2-456C-A1AA-343C0F5A58E9}.Release|Any CPU.ActiveCfg = Release|Any CPU
		{03B4BB71-62D2-456C-A1AA-343C0F5A58E9}.Release|Any CPU.Build.0 = Release|Any CPU
	EndGlobalSection
	GlobalSection(SolutionProperties) = preSolution
		HideSolutionNode = FALSE
	EndGlobalSection
	GlobalSection(ExtensibilityGlobals) = postSolution
		SolutionGuid = {735B9021-D7EA-47F7-8C69-3CD39E8EFD02}
	EndGlobalSection
EndGlobal
